
Microsoft Visual Studio Solution File, Format Version 12.00
# Visual Studio Version 17
VisualStudioVersion = 17.3.32825.248
MinimumVisualStudioVersion = 10.0.40219.1
Project("{9A19103F-16F7-4668-BE54-9A1E7A4F7556}") = "ElevatorSystem", "src\ElevatorSystem\ElevatorSystem.csproj", "{C6C79AF2-235E-437B-B1E7-82D0E0DB0C16}"
EndProject
Project("{2150E333-8FDC-42A3-9474-1A3956D46DE8}") = "Tests", "Tests", "{BDB01342-4792-4801-86AF-D6C0511FB7A0}"
EndProject
Project("{9A19103F-16F7-4668-BE54-9A1E7A4F7556}") = "Test.ElevatorSystem", "src\Tests\Test.ElevatorSystem\Test.ElevatorSystem.csproj", "{CA12A44D-B115-49B7-8812-7D849ADFD982}"
EndProject
Project("{FAE04EC0-301F-11D3-BF4B-00C04F79EFBC}") = "ElevatorService", "src\ElevatorService\ElevatorService.csproj", "{FD087D35-B7E9-4267-AF21-5FEBE8015817}"
EndProject
Global
	GlobalSection(SolutionConfigurationPlatforms) = preSolution
		Debug|x64 = Debug|x64
		Release|x64 = Release|x64
	EndGlobalSection
	GlobalSection(ProjectConfigurationPlatforms) = postSolution
		{C6C79AF2-235E-437B-B1E7-82D0E0DB0C16}.Debug|x64.ActiveCfg = Debug|x64
		{C6C79AF2-235E-437B-B1E7-82D0E0DB0C16}.Debug|x64.Build.0 = Debug|x64
		{C6C79AF2-235E-437B-B1E7-82D0E0DB0C16}.Release|x64.ActiveCfg = Release|x64
		{C6C79AF2-235E-437B-B1E7-82D0E0DB0C16}.Release|x64.Build.0 = Release|x64
		{CA12A44D-B115-49B7-8812-7D849ADFD982}.Debug|x64.ActiveCfg = Debug|x64
		{CA12A44D-B115-49B7-8812-7D849ADFD982}.Debug|x64.Build.0 = Debug|x64
		{CA12A44D-B115-49B7-8812-7D849ADFD982}.Release|x64.ActiveCfg = Release|x64
		{CA12A44D-B115-49B7-8812-7D849ADFD982}.Release|x64.Build.0 = Release|x64
		{FD087D35-B7E9-4267-AF21-5FEBE8015817}.Debug|x64.ActiveCfg = Debug|x64
		{FD087D35-B7E9-4267-AF21-5FEBE8015817}.Debug|x64.Build.0 = Debug|x64
		{FD087D35-B7E9-4267-AF21-5FEBE8015817}.Release|x64.ActiveCfg = Release|x64
		{FD087D35-B7E9-4267-AF21-5FEBE8015817}.Release|x64.Build.0 = Release|x64
	EndGlobalSection
	GlobalSection(SolutionProperties) = preSolution
		HideSolutionNode = FALSE
	EndGlobalSection
	GlobalSection(NestedProjects) = preSolution
		{CA12A44D-B115-49B7-8812-7D849ADFD982} = {BDB01342-4792-4801-86AF-D6C0511FB7A0}
	EndGlobalSection
	GlobalSection(ExtensibilityGlobals) = postSolution
		SolutionGuid = {8926BA5D-B085-4A91-A7D5-332B1A90AAF2}
	EndGlobalSection
EndGlobal
